// !$*UTF8*$!
{
	archiveVersion = 1;
	classes = {
	};
	objectVersion = 77;
	objects = {

/* Begin PBXContainerItemProxy section */
		F54A4F352DC9F2A800B39B31 /* PBXContainerItemProxy */ = {
			isa = PBXContainerItemProxy;
			containerPortal = F54A4F1F2DC9F2A400B39B31 /* Project object */;
			proxyType = 1;
			remoteGlobalIDString = F54A4F262DC9F2A400B39B31;
			remoteInfo = "swiftUI-demo";
		};
		F54A4F3F2DC9F2A800B39B31 /* PBXContainerItemProxy */ = {
			isa = PBXContainerItemProxy;
			containerPortal = F54A4F1F2DC9F2A400B39B31 /* Project object */;
			proxyType = 1;
			remoteGlobalIDString = F54A4F262DC9F2A400B39B31;
			remoteInfo = "swiftUI-demo";
		};
/* End PBXContainerItemProxy section */

/* Begin PBXFileReference section */
		F54A4F272DC9F2A400B39B31 /* swiftUI-demo.app */ = {isa = PBXFileReference; explicitFileType = wrapper.application; includeInIndex = 0; path = "swiftUI-demo.app"; sourceTree = BUILT_PRODUCTS_DIR; };
		F54A4F342DC9F2A800B39B31 /* swiftUI-demoTests.xctest */ = {isa = PBXFileReference; explicitFileType = wrapper.cfbundle; includeInIndex = 0; path = "swiftUI-demoTests.xctest"; sourceTree = BUILT_PRODUCTS_DIR; };
		F54A4F3E2DC9F2A800B39B31 /* swiftUI-demoUITests.xctest */ = {isa = PBXFileReference; explicitFileType = wrapper.cfbundle; includeInIndex = 0; path = "swiftUI-demoUITests.xctest"; sourceTree = BUILT_PRODUCTS_DIR; };
/* End PBXFileReference section */

/* Begin PBXFileSystemSynchronizedBuildFileExceptionSet section */
		F5AE0C0C2DD0639100F0E9A0 /* Exceptions for "swiftUI-demo" folder in "swiftUI-demo" target */ = {
			isa = PBXFileSystemSynchronizedBuildFileExceptionSet;
			membershipExceptions = (
				Info.plist,
			);
			target = F54A4F262DC9F2A400B39B31 /* swiftUI-demo */;
		};
/* End PBXFileSystemSynchronizedBuildFileExceptionSet section */

/* Begin PBXFileSystemSynchronizedRootGroup section */
		F54A4F292DC9F2A400B39B31 /* swiftUI-demo */ = {
			isa = PBXFileSystemSynchronizedRootGroup;
			exceptions = (
				F5AE0C0C2DD0639100F0E9A0 /* Exceptions for "swiftUI-demo" folder in "swiftUI-demo" target */,
			);
			path = "swiftUI-demo";
			sourceTree = "<group>";
		};
		F54A4F372DC9F2A800B39B31 /* swiftUI-demoTests */ = {
			isa = PBXFileSystemSynchronizedRootGroup;
			path = "swiftUI-demoTests";
			sourceTree = "<group>";
		};
		F54A4F412DC9F2A800B39B31 /* swiftUI-demoUITests */ = {
			isa = PBXFileSystemSynchronizedRootGroup;
			path = "swiftUI-demoUITests";
			sourceTree = "<group>";
		};
		F5AE0C122DD06DA100F0E9A0 /* Resources */ = {
			isa = PBXFileSystemSynchronizedRootGroup;
			path = Resources;
			sourceTree = "<group>";
		};
/* End PBXFileSystemSynchronizedRootGroup section */

/* Begin PBXFrameworksBuildPhase section */
		F54A4F242DC9F2A400B39B31 /* Frameworks */ = {
			isa = PBXFrameworksBuildPhase;
			buildActionMask = 2147483647;
			files = (
			);
			runOnlyForDeploymentPostprocessing = 0;
		};
		F54A4F312DC9F2A800B39B31 /* Frameworks */ = {
			isa = PBXFrameworksBuildPhase;
			buildActionMask = 2147483647;
			files = (
			);
			runOnlyForDeploymentPostprocessing = 0;
		};
		F54A4F3B2DC9F2A800B39B31 /* Frameworks */ = {
			isa = PBXFrameworksBuildPhase;
			buildActionMask = 2147483647;
			files = (
			);
			runOnlyForDeploymentPostprocessing = 0;
		};
/* End PBXFrameworksBuildPhase section */

/* Begin PBXGroup section */
		F54A4F1E2DC9F2A400B39B31 = {
			isa = PBXGroup;
			children = (
				F5AE0C122DD06DA100F0E9A0 /* Resources */,
				F54A4F292DC9F2A400B39B31 /* swiftUI-demo */,
				F54A4F372DC9F2A800B39B31 /* swiftUI-demoTests */,
				F54A4F412DC9F2A800B39B31 /* swiftUI-demoUITests */,
				F54A4F282DC9F2A400B39B31 /* Products */,
			);
			sourceTree = "<group>";
		};
		F54A4F282DC9F2A400B39B31 /* Products */ = {
			isa = PBXGroup;
			children = (
				F54A4F272DC9F2A400B39B31 /* swiftUI-demo.app */,
				F54A4F342DC9F2A800B39B31 /* swiftUI-demoTests.xctest */,
				F54A4F3E2DC9F2A800B39B31 /* swiftUI-demoUITests.xctest */,
			);
			name = Products;
			sourceTree = "<group>";
		};
/* End PBXGroup section */

/* Begin PBXNativeTarget section */
		F54A4F262DC9F2A400B39B31 /* swiftUI-demo */ = {
			isa = PBXNativeTarget;
			buildConfigurationList = F54A4F482DC9F2A800B39B31 /* Build configuration list for PBXNativeTarget "swiftUI-demo" */;
			buildPhases = (
				F54A4F232DC9F2A400B39B31 /* Sources */,
				F54A4F242DC9F2A400B39B31 /* Frameworks */,
				F5AE0C042DD062D700F0E9A0 /* Resources */,
			);
			buildRules = (
			);
			dependencies = (
			);
			fileSystemSynchronizedGroups = (
				F54A4F292DC9F2A400B39B31 /* swiftUI-demo */,
				F5AE0C122DD06DA100F0E9A0 /* Resources */,
			);
			name = "swiftUI-demo";
			packageProductDependencies = (
			);
			productName = "swiftUI-demo";
			productReference = F54A4F272DC9F2A400B39B31 /* swiftUI-demo.app */;
			productType = "com.apple.product-type.application";
		};
		F54A4F332DC9F2A800B39B31 /* swiftUI-demoTests */ = {
			isa = PBXNativeTarget;
			buildConfigurationList = F54A4F4B2DC9F2A800B39B31 /* Build configuration list for PBXNativeTarget "swiftUI-demoTests" */;
			buildPhases = (
				F54A4F302DC9F2A800B39B31 /* Sources */,
				F54A4F312DC9F2A800B39B31 /* Frameworks */,
				F54A4F322DC9F2A800B39B31 /* Resources */,
			);
			buildRules = (
			);
			dependencies = (
				F54A4F362DC9F2A800B39B31 /* PBXTargetDependency */,
			);
			fileSystemSynchronizedGroups = (
				F54A4F372DC9F2A800B39B31 /* swiftUI-demoTests */,
			);
			name = "swiftUI-demoTests";
			packageProductDependencies = (
			);
			productName = "swiftUI-demoTests";
			productReference = F54A4F342DC9F2A800B39B31 /* swiftUI-demoTests.xctest */;
			productType = "com.apple.product-type.bundle.unit-test";
		};
		F54A4F3D2DC9F2A800B39B31 /* swiftUI-demoUITests */ = {
			isa = PBXNativeTarget;
			buildConfigurationList = F54A4F4E2DC9F2A800B39B31 /* Build configuration list for PBXNativeTarget "swiftUI-demoUITests" */;
			buildPhases = (
				F54A4F3A2DC9F2A800B39B31 /* Sources */,
				F54A4F3B2DC9F2A800B39B31 /* Frameworks */,
				F54A4F3C2DC9F2A800B39B31 /* Resources */,
			);
			buildRules = (
			);
			dependencies = (
				F54A4F402DC9F2A800B39B31 /* PBXTargetDependency */,
			);
			fileSystemSynchronizedGroups = (
				F54A4F412DC9F2A800B39B31 /* swiftUI-demoUITests */,
			);
			name = "swiftUI-demoUITests";
			packageProductDependencies = (
			);
			productName = "swiftUI-demoUITests";
			productReference = F54A4F3E2DC9F2A800B39B31 /* swiftUI-demoUITests.xctest */;
			productType = "com.apple.product-type.bundle.ui-testing";
		};
/* End PBXNativeTarget section */

/* Begin PBXProject section */
		F54A4F1F2DC9F2A400B39B31 /* Project object */ = {
			isa = PBXProject;
			attributes = {
				BuildIndependentTargetsInParallel = 1;
				LastSwiftUpdateCheck = 1630;
				LastUpgradeCheck = 1630;
				TargetAttributes = {
					F54A4F262DC9F2A400B39B31 = {
						CreatedOnToolsVersion = 16.3;
					};
					F54A4F332DC9F2A800B39B31 = {
						CreatedOnToolsVersion = 16.3;
						TestTargetID = F54A4F262DC9F2A400B39B31;
					};
					F54A4F3D2DC9F2A800B39B31 = {
						CreatedOnToolsVersion = 16.3;
						TestTargetID = F54A4F262DC9F2A400B39B31;
					};
				};
			};
			buildConfigurationList = F54A4F222DC9F2A400B39B31 /* Build configuration list for PBXProject "swiftUI-demo" */;
			developmentRegion = en;
			hasScannedForEncodings = 0;
			knownRegions = (
				en,
				Base,
			);
			mainGroup = F54A4F1E2DC9F2A400B39B31;
			minimizedProjectReferenceProxies = 1;
			preferredProjectObjectVersion = 77;
			productRefGroup = F54A4F282DC9F2A400B39B31 /* Products */;
			projectDirPath = "";
			projectRoot = "";
			targets = (
				F54A4F262DC9F2A400B39B31 /* swiftUI-demo */,
				F54A4F332DC9F2A800B39B31 /* swiftUI-demoTests */,
				F54A4F3D2DC9F2A800B39B31 /* swiftUI-demoUITests */,
			);
		};
/* End PBXProject section */

/* Begin PBXResourcesBuildPhase section */
		F54A4F322DC9F2A800B39B31 /* Resources */ = {
			isa = PBXResourcesBuildPhase;
			buildActionMask = 2147483647;
			files = (
			);
			runOnlyForDeploymentPostprocessing = 0;
		};
		F54A4F3C2DC9F2A800B39B31 /* Resources */ = {
			isa = PBXResourcesBuildPhase;
			buildActionMask = 2147483647;
			files = (
			);
			runOnlyForDeploymentPostprocessing = 0;
		};
		F5AE0C042DD062D700F0E9A0 /* Resources */ = {
			isa = PBXResourcesBuildPhase;
			buildActionMask = 2147483647;
			files = (
			);
			runOnlyForDeploymentPostprocessing = 0;
		};
/* End PBXResourcesBuildPhase section */

/* Begin PBXSourcesBuildPhase section */
		F54A4F232DC9F2A400B39B31 /* Sources */ = {
			isa = PBXSourcesBuildPhase;
			buildActionMask = 2147483647;
			files = (
			);
			runOnlyForDeploymentPostprocessing = 0;
		};
		F54A4F302DC9F2A800B39B31 /* Sources */ = {
			isa = PBXSourcesBuildPhase;
			buildActionMask = 2147483647;
			files = (
			);
			runOnlyForDeploymentPostprocessing = 0;
		};
		F54A4F3A2DC9F2A800B39B31 /* Sources */ = {
			isa = PBXSourcesBuildPhase;
			buildActionMask = 2147483647;
			files = (
			);
			runOnlyForDeploymentPostprocessing = 0;
		};
/* End PBXSourcesBuildPhase section */

/* Begin PBXTargetDependency section */
		F54A4F362DC9F2A800B39B31 /* PBXTargetDependency */ = {
			isa = PBXTargetDependency;
			target = F54A4F262DC9F2A400B39B31 /* swiftUI-demo */;
			targetProxy = F54A4F352DC9F2A800B39B31 /* PBXContainerItemProxy */;
		};
		F54A4F402DC9F2A800B39B31 /* PBXTargetDependency */ = {
			isa = PBXTargetDependency;
			target = F54A4F262DC9F2A400B39B31 /* swiftUI-demo */;
			targetProxy = F54A4F3F2DC9F2A800B39B31 /* PBXContainerItemProxy */;
		};
/* End PBXTargetDependency section */

/* Begin XCBuildConfiguration section */
		F54A4F462DC9F2A800B39B31 /* Debug */ = {
			isa = XCBuildConfiguration;
			buildSettings = {
				ALWAYS_SEARCH_USER_PATHS = NO;
				ASSETCATALOG_COMPILER_GENERATE_SWIFT_ASSET_SYMBOL_EXTENSIONS = YES;
				CLANG_ANALYZER_NONNULL = YES;
				CLANG_ANALYZER_NUMBER_OBJECT_CONVERSION = YES_AGGRESSIVE;
				CLANG_CXX_LANGUAGE_STANDARD = "gnu++20";
				CLANG_ENABLE_MODULES = YES;
				CLANG_ENABLE_OBJC_ARC = YES;
				CLANG_ENABLE_OBJC_WEAK = YES;
				CLANG_WARN_BLOCK_CAPTURE_AUTORELEASING = YES;
				CLANG_WARN_BOOL_CONVERSION = YES;
				CLANG_WARN_COMMA = YES;
				CLANG_WARN_CONSTANT_CONVERSION = YES;
				CLANG_WARN_DEPRECATED_OBJC_IMPLEMENTATIONS = YES;
				CLANG_WARN_DIRECT_OBJC_ISA_USAGE = YES_ERROR;
				CLANG_WARN_DOCUMENTATION_COMMENTS = YES;
				CLANG_WARN_EMPTY_BODY = YES;
				CLANG_WARN_ENUM_CONVERSION = YES;
				CLANG_WARN_INFINITE_RECURSION = YES;
				CLANG_WARN_INT_CONVERSION = YES;
				CLANG_WARN_NON_LITERAL_NULL_CONVERSION = YES;
				CLANG_WARN_OBJC_IMPLICIT_RETAIN_SELF = YES;
				CLANG_WARN_OBJC_LITERAL_CONVERSION = YES;
				CLANG_WARN_OBJC_ROOT_CLASS = YES_ERROR;
				CLANG_WARN_QUOTED_INCLUDE_IN_FRAMEWORK_HEADER = YES;
				CLANG_WARN_RANGE_LOOP_ANALYSIS = YES;
				CLANG_WARN_STRICT_PROTOTYPES = YES;
				CLANG_WARN_SUSPICIOUS_MOVE = YES;
				CLANG_WARN_UNGUARDED_AVAILABILITY = YES_AGGRESSIVE;
				CLANG_WARN_UNREACHABLE_CODE = YES;
				CLANG_WARN__DUPLICATE_METHOD_MATCH = YES;
				COPY_PHASE_STRIP = NO;
				DEBUG_INFORMATION_FORMAT = dwarf;
				ENABLE_STRICT_OBJC_MSGSEND = YES;
				ENABLE_TESTABILITY = YES;
				ENABLE_USER_SCRIPT_SANDBOXING = YES;
				GCC_C_LANGUAGE_STANDARD = gnu17;
				GCC_DYNAMIC_NO_PIC = NO;
				GCC_NO_COMMON_BLOCKS = YES;
				GCC_OPTIMIZATION_LEVEL = 0;
				GCC_PREPROCESSOR_DEFINITIONS = (
					"DEBUG=1",
					"$(inherited)",
				);
				GCC_WARN_64_TO_32_BIT_CONVERSION = YES;
				GCC_WARN_ABOUT_RETURN_TYPE = YES_ERROR;
				GCC_WARN_UNDECLARED_SELECTOR = YES;
				GCC_WARN_UNINITIALIZED_AUTOS = YES_AGGRESSIVE;
				GCC_WARN_UNUSED_FUNCTION = YES;
				GCC_WARN_UNUSED_VARIABLE = YES;
				IPHONEOS_DEPLOYMENT_TARGET = 18.4;
				LOCALIZATION_PREFERS_STRING_CATALOGS = YES;
				MTL_ENABLE_DEBUG_INFO = INCLUDE_SOURCE;
				MTL_FAST_MATH = YES;
				ONLY_ACTIVE_ARCH = YES;
				SDKROOT = iphoneos;
				SWIFT_ACTIVE_COMPILATION_CONDITIONS = "DEBUG $(inherited)";
				SWIFT_OPTIMIZATION_LEVEL = "-Onone";
			};
			name = Debug;
		};
		F54A4F472DC9F2A800B39B31 /* Release */ = {
			isa = XCBuildConfiguration;
			buildSettings = {
				ALWAYS_SEARCH_USER_PATHS = NO;
				ASSETCATALOG_COMPILER_GENERATE_SWIFT_ASSET_SYMBOL_EXTENSIONS = YES;
				CLANG_ANALYZER_NONNULL = YES;
				CLANG_ANALYZER_NUMBER_OBJECT_CONVERSION = YES_AGGRESSIVE;
				CLANG_CXX_LANGUAGE_STANDARD = "gnu++20";
				CLANG_ENABLE_MODULES = YES;
				CLANG_ENABLE_OBJC_ARC = YES;
				CLANG_ENABLE_OBJC_WEAK = YES;
				CLANG_WARN_BLOCK_CAPTURE_AUTORELEASING = YES;
				CLANG_WARN_BOOL_CONVERSION = YES;
				CLANG_WARN_COMMA = YES;
				CLANG_WARN_CONSTANT_CONVERSION = YES;
				CLANG_WARN_DEPRECATED_OBJC_IMPLEMENTATIONS = YES;
				CLANG_WARN_DIRECT_OBJC_ISA_USAGE = YES_ERROR;
				CLANG_WARN_DOCUMENTATION_COMMENTS = YES;
				CLANG_WARN_EMPTY_BODY = YES;
				CLANG_WARN_ENUM_CONVERSION = YES;
				CLANG_WARN_INFINITE_RECURSION = YES;
				CLANG_WARN_INT_CONVERSION = YES;
				CLANG_WARN_NON_LITERAL_NULL_CONVERSION = YES;
				CLANG_WARN_OBJC_IMPLICIT_RETAIN_SELF = YES;
				CLANG_WARN_OBJC_LITERAL_CONVERSION = YES;
				CLANG_WARN_OBJC_ROOT_CLASS = YES_ERROR;
				CLANG_WARN_QUOTED_INCLUDE_IN_FRAMEWORK_HEADER = YES;
				CLANG_WARN_RANGE_LOOP_ANALYSIS = YES;
				CLANG_WARN_STRICT_PROTOTYPES = YES;
				CLANG_WARN_SUSPICIOUS_MOVE = YES;
				CLANG_WARN_UNGUARDED_AVAILABILITY = YES_AGGRESSIVE;
				CLANG_WARN_UNREACHABLE_CODE = YES;
				CLANG_WARN__DUPLICATE_METHOD_MATCH = YES;
				COPY_PHASE_STRIP = NO;
				DEBUG_INFORMATION_FORMAT = "dwarf-with-dsym";
				ENABLE_NS_ASSERTIONS = NO;
				ENABLE_STRICT_OBJC_MSGSEND = YES;
				ENABLE_USER_SCRIPT_SANDBOXING = YES;
				GCC_C_LANGUAGE_STANDARD = gnu17;
				GCC_NO_COMMON_BLOCKS = YES;
				GCC_WARN_64_TO_32_BIT_CONVERSION = YES;
				GCC_WARN_ABOUT_RETURN_TYPE = YES_ERROR;
				GCC_WARN_UNDECLARED_SELECTOR = YES;
				GCC_WARN_UNINITIALIZED_AUTOS = YES_AGGRESSIVE;
				GCC_WARN_UNUSED_FUNCTION = YES;
				GCC_WARN_UNUSED_VARIABLE = YES;
				IPHONEOS_DEPLOYMENT_TARGET = 18.4;
				LOCALIZATION_PREFERS_STRING_CATALOGS = YES;
				MTL_ENABLE_DEBUG_INFO = NO;
				MTL_FAST_MATH = YES;
				SDKROOT = iphoneos;
				SWIFT_COMPILATION_MODE = wholemodule;
				VALIDATE_PRODUCT = YES;
			};
			name = Release;
		};
		F54A4F492DC9F2A800B39B31 /* Debug */ = {
			isa = XCBuildConfiguration;
			buildSettings = {
				ASSETCATALOG_COMPILER_APPICON_NAME = AppIcon;
				ASSETCATALOG_COMPILER_GLOBAL_ACCENT_COLOR_NAME = AccentColor;
				CODE_SIGN_STYLE = Automatic;
				CURRENT_PROJECT_VERSION = 1;
				ENABLE_PREVIEWS = YES;
				GENERATE_INFOPLIST_FILE = YES;
				INFOPLIST_KEY_UIApplicationSceneManifest_Generation = YES;
				INFOPLIST_KEY_UIApplicationSupportsIndirectInputEvents = YES;
				INFOPLIST_KEY_UILaunchScreen_Generation = YES;
				INFOPLIST_KEY_UISupportedInterfaceOrientations_iPad = "UIInterfaceOrientationPortrait UIInterfaceOrientationPortraitUpsideDown UIInterfaceOrientationLandscapeLeft UIInterfaceOrientationLandscapeRight";
				INFOPLIST_KEY_UISupportedInterfaceOrientations_iPhone = "UIInterfaceOrientationPortrait UIInterfaceOrientationLandscapeLeft UIInterfaceOrientationLandscapeRight";
				LD_RUNPATH_SEARCH_PATHS = (
					"$(inherited)",
					"@executable_path/Frameworks",
				);
				MARKETING_VERSION = 1.0;
				PRODUCT_BUNDLE_IDENTIFIER = "swiftUI-demo.swiftUI-demo";
				PRODUCT_NAME = "$(TARGET_NAME)";
				SWIFT_EMIT_LOC_STRINGS = YES;
				SWIFT_VERSION = 5.0;
				TARGETED_DEVICE_FAMILY = "1,2";
			};
			name = Debug;
		};
		F54A4F4A2DC9F2A800B39B31 /* Release */ = {
			isa = XCBuildConfiguration;
			buildSettings = {
				ASSETCATALOG_COMPILER_APPICON_NAME = AppIcon;
				ASSETCATALOG_COMPILER_GLOBAL_ACCENT_COLOR_NAME = AccentColor;
				CODE_SIGN_STYLE = Automatic;
				CURRENT_PROJECT_VERSION = 1;
				ENABLE_PREVIEWS = YES;
				GENERATE_INFOPLIST_FILE = YES;
				INFOPLIST_KEY_UIApplicationSceneManifest_Generation = YES;
				INFOPLIST_KEY_UIApplicationSupportsIndirectInputEvents = YES;
				INFOPLIST_KEY_UILaunchScreen_Generation = YES;
				INFOPLIST_KEY_UISupportedInterfaceOrientations_iPad = "UIInterfaceOrientationPortrait UIInterfaceOrientationPortraitUpsideDown UIInterfaceOrientationLandscapeLeft UIInterfaceOrientationLandscapeRight";
				INFOPLIST_KEY_UISupportedInterfaceOrientations_iPhone = "UIInterfaceOrientationPortrait UIInterfaceOrientationLandscapeLeft UIInterfaceOrientationLandscapeRight";
				LD_RUNPATH_SEARCH_PATHS = (
					"$(inherited)",
					"@executable_path/Frameworks",
				);
				MARKETING_VERSION = 1.0;
				PRODUCT_BUNDLE_IDENTIFIER = "swiftUI-demo.swiftUI-demo";
				PRODUCT_NAME = "$(TARGET_NAME)";
				SWIFT_EMIT_LOC_STRINGS = YES;
				SWIFT_VERSION = 5.0;
				TARGETED_DEVICE_FAMILY = "1,2";
			};
			name = Release;
		};
		F54A4F4C2DC9F2A800B39B31 /* Debug */ = {
			isa = XCBuildConfiguration;
			buildSettings = {
				BUNDLE_LOADER = "$(TEST_HOST)";
				CODE_SIGN_STYLE = Automatic;
				CURRENT_PROJECT_VERSION = 1;
				GENERATE_INFOPLIST_FILE = YES;
				IPHONEOS_DEPLOYMENT_TARGET = 18.4;
				MARKETING_VERSION = 1.0;
				PRODUCT_BUNDLE_IDENTIFIER = "swiftUI-demo.swiftUI-demoTests";
				PRODUCT_NAME = "$(TARGET_NAME)";
				SWIFT_EMIT_LOC_STRINGS = NO;
				SWIFT_VERSION = 5.0;
				TARGETED_DEVICE_FAMILY = "1,2";
				TEST_HOST = "$(BUILT_PRODUCTS_DIR)/swiftUI-demo.app/$(BUNDLE_EXECUTABLE_FOLDER_PATH)/swiftUI-demo";
			};
			name = Debug;
		};
		F54A4F4D2DC9F2A800B39B31 /* Release */ = {
			isa = XCBuildConfiguration;
			buildSettings = {
				BUNDLE_LOADER = "$(TEST_HOST)";
				CODE_SIGN_STYLE = Automatic;
				CURRENT_PROJECT_VERSION = 1;
				GENERATE_INFOPLIST_FILE = YES;
				IPHONEOS_DEPLOYMENT_TARGET = 18.4;
				MARKETING_VERSION = 1.0;
				PRODUCT_BUNDLE_IDENTIFIER = "swiftUI-demo.swiftUI-demoTests";
				PRODUCT_NAME = "$(TARGET_NAME)";
				SWIFT_EMIT_LOC_STRINGS = NO;
				SWIFT_VERSION = 5.0;
				TARGETED_DEVICE_FAMILY = "1,2";
				TEST_HOST = "$(BUILT_PRODUCTS_DIR)/swiftUI-demo.app/$(BUNDLE_EXECUTABLE_FOLDER_PATH)/swiftUI-demo";
			};
			name = Release;
		};
		F54A4F4F2DC9F2A800B39B31 /* Debug */ = {
			isa = XCBuildConfiguration;
			buildSettings = {
				CODE_SIGN_STYLE = Automatic;
				CURRENT_PROJECT_VERSION = 1;
				GENERATE_INFOPLIST_FILE = YES;
				MARKETING_VERSION = 1.0;
				PRODUCT_BUNDLE_IDENTIFIER = "swiftUI-demo.swiftUI-demoUITests";
				PRODUCT_NAME = "$(TARGET_NAME)";
				SWIFT_EMIT_LOC_STRINGS = NO;
				SWIFT_VERSION = 5.0;
				TARGETED_DEVICE_FAMILY = "1,2";
				TEST_TARGET_NAME = "swiftUI-demo";
			};
			name = Debug;
		};
		F54A4F502DC9F2A800B39B31 /* Release */ = {
			isa = XCBuildConfiguration;
			buildSettings = {
				CODE_SIGN_STYLE = Automatic;
				CURRENT_PROJECT_VERSION = 1;
				GENERATE_INFOPLIST_FILE = YES;
				MARKETING_VERSION = 1.0;
				PRODUCT_BUNDLE_IDENTIFIER = "swiftUI-demo.swiftUI-demoUITests";
				PRODUCT_NAME = "$(TARGET_NAME)";
				SWIFT_EMIT_LOC_STRINGS = NO;
				SWIFT_VERSION = 5.0;
				TARGETED_DEVICE_FAMILY = "1,2";
				TEST_TARGET_NAME = "swiftUI-demo";
			};
			name = Release;
		};
/* End XCBuildConfiguration section */

/* Begin XCConfigurationList section */
		F54A4F222DC9F2A400B39B31 /* Build configuration list for PBXProject "swiftUI-demo" */ = {
			isa = XCConfigurationList;
			buildConfigurations = (
				F54A4F462DC9F2A800B39B31 /* Debug */,
				F54A4F472DC9F2A800B39B31 /* Release */,
			);
			defaultConfigurationIsVisible = 0;
			defaultConfigurationName = Release;
		};
		F54A4F482DC9F2A800B39B31 /* Build configuration list for PBXNativeTarget "swiftUI-demo" */ = {
			isa = XCConfigurationList;
			buildConfigurations = (
				F54A4F492DC9F2A800B39B31 /* Debug */,
				F54A4F4A2DC9F2A800B39B31 /* Release */,
			);
			defaultConfigurationIsVisible = 0;
			defaultConfigurationName = Release;
		};
		F54A4F4B2DC9F2A800B39B31 /* Build configuration list for PBXNativeTarget "swiftUI-demoTests" */ = {
			isa = XCConfigurationList;
			buildConfigurations = (
				F54A4F4C2DC9F2A800B39B31 /* Debug */,
				F54A4F4D2DC9F2A800B39B31 /* Release */,
			);
			defaultConfigurationIsVisible = 0;
			defaultConfigurationName = Release;
		};
		F54A4F4E2DC9F2A800B39B31 /* Build configuration list for PBXNativeTarget "swiftUI-demoUITests" */ = {
			isa = XCConfigurationList;
			buildConfigurations = (
				F54A4F4F2DC9F2A800B39B31 /* Debug */,
				F54A4F502DC9F2A800B39B31 /* Release */,
			);
			defaultConfigurationIsVisible = 0;
			defaultConfigurationName = Release;
		};
/* End XCConfigurationList section */
	};
	rootObject = F54A4F1F2DC9F2A400B39B31 /* Project object */;
}
